// !$*UTF8*$!
{
	archiveVersion = 1;
	classes = {
	};
	objectVersion = 50;
	objects = {

/* Begin PBXBuildFile section */
		18C3ED982866C75C00D0E805 /* AppDelegate.swift in Sources */ = {isa = PBXBuildFile; fileRef = 18C3ED972866C75C00D0E805 /* AppDelegate.swift */; };
		18C3ED9A2866C75C00D0E805 /* SceneDelegate.swift in Sources */ = {isa = PBXBuildFile; fileRef = 18C3ED992866C75C00D0E805 /* SceneDelegate.swift */; };
		18C3ED9C2866C75C00D0E805 /* HomeViewController.swift in Sources */ = {isa = PBXBuildFile; fileRef = 18C3ED9B2866C75C00D0E805 /* HomeViewController.swift */; };
		18C3ED9F2866C75C00D0E805 /* Main.storyboard in Resources */ = {isa = PBXBuildFile; fileRef = 18C3ED9D2866C75C00D0E805 /* Main.storyboard */; };
		18C3EDA12866C75F00D0E805 /* Assets.xcassets in Resources */ = {isa = PBXBuildFile; fileRef = 18C3EDA02866C75F00D0E805 /* Assets.xcassets */; };
		18C3EDA42866C75F00D0E805 /* LaunchScreen.storyboard in Resources */ = {isa = PBXBuildFile; fileRef = 18C3EDA22866C75F00D0E805 /* LaunchScreen.storyboard */; };
		18C3EDAF2866C75F00D0E805 /* VeterinaryTests.swift in Sources */ = {isa = PBXBuildFile; fileRef = 18C3EDAE2866C75F00D0E805 /* VeterinaryTests.swift */; };
		18C3EDBA2866C75F00D0E805 /* VeterinaryUITests.swift in Sources */ = {isa = PBXBuildFile; fileRef = 18C3EDB92866C75F00D0E805 /* VeterinaryUITests.swift */; };
		18C3EDD32866CA1300D0E805 /* PetResponseModel.swift in Sources */ = {isa = PBXBuildFile; fileRef = 18C3EDD22866CA1300D0E805 /* PetResponseModel.swift */; };
		18C3EDD52866CB5300D0E805 /* ConfigurationModel.swift in Sources */ = {isa = PBXBuildFile; fileRef = 18C3EDD42866CB5300D0E805 /* ConfigurationModel.swift */; };
		18C3EDD82866CD7900D0E805 /* GenericViewModel.swift in Sources */ = {isa = PBXBuildFile; fileRef = 18C3EDD72866CD7900D0E805 /* GenericViewModel.swift */; };
		18C3EDDA2866CF5100D0E805 /* APIManager.swift in Sources */ = {isa = PBXBuildFile; fileRef = 18C3EDD92866CF5100D0E805 /* APIManager.swift */; };
		18C3EDDC2866D20B00D0E805 /* APIConstant.swift in Sources */ = {isa = PBXBuildFile; fileRef = 18C3EDDB2866D20B00D0E805 /* APIConstant.swift */; };
		18C3EDDF2866D59200D0E805 /* PetCell.swift in Sources */ = {isa = PBXBuildFile; fileRef = 18C3EDDE2866D59200D0E805 /* PetCell.swift */; };
		18C3EDE12866D7D500D0E805 /* HomeViewModel.swift in Sources */ = {isa = PBXBuildFile; fileRef = 18C3EDE02866D7D500D0E805 /* HomeViewModel.swift */; };
		18C3EDE32866DB0300D0E805 /* Reachability.swift in Sources */ = {isa = PBXBuildFile; fileRef = 18C3EDE22866DB0300D0E805 /* Reachability.swift */; };
		18C3EDE62866E2CD00D0E805 /* CustomImageView.swift in Sources */ = {isa = PBXBuildFile; fileRef = 18C3EDE52866E2CD00D0E805 /* CustomImageView.swift */; };
		18C3EDEA2866E5B700D0E805 /* PetDetailsVC.swift in Sources */ = {isa = PBXBuildFile; fileRef = 18C3EDE92866E5B700D0E805 /* PetDetailsVC.swift */; };
		18C3EDEC2866E79C00D0E805 /* ShareApp.swift in Sources */ = {isa = PBXBuildFile; fileRef = 18C3EDEB2866E79C00D0E805 /* ShareApp.swift */; };
		18C3EDEE2866EBB200D0E805 /* Loader.swift in Sources */ = {isa = PBXBuildFile; fileRef = 18C3EDED2866EBB200D0E805 /* Loader.swift */; };
		18C3EDF12866F2CA00D0E805 /* Date.swift in Sources */ = {isa = PBXBuildFile; fileRef = 18C3EDF02866F2CA00D0E805 /* Date.swift */; };
		18C3EDF32867084100D0E805 /* UIViewController.swift in Sources */ = {isa = PBXBuildFile; fileRef = 18C3EDF22867084100D0E805 /* UIViewController.swift */; };
		18C3EDF5286709E100D0E805 /* UIView.swift in Sources */ = {isa = PBXBuildFile; fileRef = 18C3EDF4286709E100D0E805 /* UIView.swift */; };
/* End PBXBuildFile section */

/* Begin PBXContainerItemProxy section */
		18C3EDAB2866C75F00D0E805 /* PBXContainerItemProxy */ = {
			isa = PBXContainerItemProxy;
			containerPortal = 18C3ED8C2866C75C00D0E805 /* Project object */;
			proxyType = 1;
			remoteGlobalIDString = 18C3ED932866C75C00D0E805;
			remoteInfo = Veterinary;
		};
		18C3EDB62866C75F00D0E805 /* PBXContainerItemProxy */ = {
			isa = PBXContainerItemProxy;
			containerPortal = 18C3ED8C2866C75C00D0E805 /* Project object */;
			proxyType = 1;
			remoteGlobalIDString = 18C3ED932866C75C00D0E805;
			remoteInfo = Veterinary;
		};
/* End PBXContainerItemProxy section */

/* Begin PBXFileReference section */
		18C3ED942866C75C00D0E805 /* Veterinary.app */ = {isa = PBXFileReference; explicitFileType = wrapper.application; includeInIndex = 0; path = Veterinary.app; sourceTree = BUILT_PRODUCTS_DIR; };
		18C3ED972866C75C00D0E805 /* AppDelegate.swift */ = {isa = PBXFileReference; lastKnownFileType = sourcecode.swift; path = AppDelegate.swift; sourceTree = "<group>"; };
		18C3ED992866C75C00D0E805 /* SceneDelegate.swift */ = {isa = PBXFileReference; lastKnownFileType = sourcecode.swift; path = SceneDelegate.swift; sourceTree = "<group>"; };
		18C3ED9B2866C75C00D0E805 /* HomeViewController.swift */ = {isa = PBXFileReference; lastKnownFileType = sourcecode.swift; path = HomeViewController.swift; sourceTree = "<group>"; };
		18C3ED9E2866C75C00D0E805 /* Base */ = {isa = PBXFileReference; lastKnownFileType = file.storyboard; name = Base; path = Base.lproj/Main.storyboard; sourceTree = "<group>"; };
		18C3EDA02866C75F00D0E805 /* Assets.xcassets */ = {isa = PBXFileReference; lastKnownFileType = folder.assetcatalog; path = Assets.xcassets; sourceTree = "<group>"; };
		18C3EDA32866C75F00D0E805 /* Base */ = {isa = PBXFileReference; lastKnownFileType = file.storyboard; name = Base; path = Base.lproj/LaunchScreen.storyboard; sourceTree = "<group>"; };
		18C3EDA52866C75F00D0E805 /* Info.plist */ = {isa = PBXFileReference; lastKnownFileType = text.plist.xml; path = Info.plist; sourceTree = "<group>"; };
		18C3EDAA2866C75F00D0E805 /* VeterinaryTests.xctest */ = {isa = PBXFileReference; explicitFileType = wrapper.cfbundle; includeInIndex = 0; path = VeterinaryTests.xctest; sourceTree = BUILT_PRODUCTS_DIR; };
		18C3EDAE2866C75F00D0E805 /* VeterinaryTests.swift */ = {isa = PBXFileReference; lastKnownFileType = sourcecode.swift; path = VeterinaryTests.swift; sourceTree = "<group>"; };
		18C3EDB02866C75F00D0E805 /* Info.plist */ = {isa = PBXFileReference; lastKnownFileType = text.plist.xml; path = Info.plist; sourceTree = "<group>"; };
		18C3EDB52866C75F00D0E805 /* VeterinaryUITests.xctest */ = {isa = PBXFileReference; explicitFileType = wrapper.cfbundle; includeInIndex = 0; path = VeterinaryUITests.xctest; sourceTree = BUILT_PRODUCTS_DIR; };
		18C3EDB92866C75F00D0E805 /* VeterinaryUITests.swift */ = {isa = PBXFileReference; lastKnownFileType = sourcecode.swift; path = VeterinaryUITests.swift; sourceTree = "<group>"; };
		18C3EDBB2866C75F00D0E805 /* Info.plist */ = {isa = PBXFileReference; lastKnownFileType = text.plist.xml; path = Info.plist; sourceTree = "<group>"; };
		18C3EDD22866CA1300D0E805 /* PetResponseModel.swift */ = {isa = PBXFileReference; lastKnownFileType = sourcecode.swift; path = PetResponseModel.swift; sourceTree = "<group>"; };
		18C3EDD42866CB5300D0E805 /* ConfigurationModel.swift */ = {isa = PBXFileReference; lastKnownFileType = sourcecode.swift; path = ConfigurationModel.swift; sourceTree = "<group>"; };
		18C3EDD72866CD7900D0E805 /* GenericViewModel.swift */ = {isa = PBXFileReference; lastKnownFileType = sourcecode.swift; path = GenericViewModel.swift; sourceTree = "<group>"; };
		18C3EDD92866CF5100D0E805 /* APIManager.swift */ = {isa = PBXFileReference; lastKnownFileType = sourcecode.swift; path = APIManager.swift; sourceTree = "<group>"; };
		18C3EDDB2866D20B00D0E805 /* APIConstant.swift */ = {isa = PBXFileReference; lastKnownFileType = sourcecode.swift; path = APIConstant.swift; sourceTree = "<group>"; };
		18C3EDDE2866D59200D0E805 /* PetCell.swift */ = {isa = PBXFileReference; lastKnownFileType = sourcecode.swift; path = PetCell.swift; sourceTree = "<group>"; };
		18C3EDE02866D7D500D0E805 /* HomeViewModel.swift */ = {isa = PBXFileReference; lastKnownFileType = sourcecode.swift; path = HomeViewModel.swift; sourceTree = "<group>"; };
		18C3EDE22866DB0300D0E805 /* Reachability.swift */ = {isa = PBXFileReference; lastKnownFileType = sourcecode.swift; path = Reachability.swift; sourceTree = "<group>"; };
		18C3EDE52866E2CD00D0E805 /* CustomImageView.swift */ = {isa = PBXFileReference; lastKnownFileType = sourcecode.swift; path = CustomImageView.swift; sourceTree = "<group>"; };
		18C3EDE92866E5B700D0E805 /* PetDetailsVC.swift */ = {isa = PBXFileReference; lastKnownFileType = sourcecode.swift; path = PetDetailsVC.swift; sourceTree = "<group>"; };
		18C3EDEB2866E79C00D0E805 /* ShareApp.swift */ = {isa = PBXFileReference; lastKnownFileType = sourcecode.swift; path = ShareApp.swift; sourceTree = "<group>"; };
		18C3EDED2866EBB200D0E805 /* Loader.swift */ = {isa = PBXFileReference; lastKnownFileType = sourcecode.swift; path = Loader.swift; sourceTree = "<group>"; };
		18C3EDF02866F2CA00D0E805 /* Date.swift */ = {isa = PBXFileReference; lastKnownFileType = sourcecode.swift; path = Date.swift; sourceTree = "<group>"; };
		18C3EDF22867084100D0E805 /* UIViewController.swift */ = {isa = PBXFileReference; lastKnownFileType = sourcecode.swift; path = UIViewController.swift; sourceTree = "<group>"; };
		18C3EDF4286709E100D0E805 /* UIView.swift */ = {isa = PBXFileReference; lastKnownFileType = sourcecode.swift; path = UIView.swift; sourceTree = "<group>"; };
/* End PBXFileReference section */

/* Begin PBXFrameworksBuildPhase section */
		18C3ED912866C75C00D0E805 /* Frameworks */ = {
			isa = PBXFrameworksBuildPhase;
			buildActionMask = 2147483647;
			files = (
			);
			runOnlyForDeploymentPostprocessing = 0;
		};
		18C3EDA72866C75F00D0E805 /* Frameworks */ = {
			isa = PBXFrameworksBuildPhase;
			buildActionMask = 2147483647;
			files = (
			);
			runOnlyForDeploymentPostprocessing = 0;
		};
		18C3EDB22866C75F00D0E805 /* Frameworks */ = {
			isa = PBXFrameworksBuildPhase;
			buildActionMask = 2147483647;
			files = (
			);
			runOnlyForDeploymentPostprocessing = 0;
		};
/* End PBXFrameworksBuildPhase section */

/* Begin PBXGroup section */
		18C3ED8B2866C75C00D0E805 = {
			isa = PBXGroup;
			children = (
				18C3ED962866C75C00D0E805 /* Veterinary */,
				18C3EDAD2866C75F00D0E805 /* VeterinaryTests */,
				18C3EDB82866C75F00D0E805 /* VeterinaryUITests */,
				18C3ED952866C75C00D0E805 /* Products */,
			);
			sourceTree = "<group>";
		};
		18C3ED952866C75C00D0E805 /* Products */ = {
			isa = PBXGroup;
			children = (
				18C3ED942866C75C00D0E805 /* Veterinary.app */,
				18C3EDAA2866C75F00D0E805 /* VeterinaryTests.xctest */,
				18C3EDB52866C75F00D0E805 /* VeterinaryUITests.xctest */,
			);
			name = Products;
			sourceTree = "<group>";
		};
		18C3ED962866C75C00D0E805 /* Veterinary */ = {
			isa = PBXGroup;
			children = (
				18C3ED972866C75C00D0E805 /* AppDelegate.swift */,
				18C3ED992866C75C00D0E805 /* SceneDelegate.swift */,
				18C3EDE42866E2B700D0E805 /* Custom UI */,
				18C3EDD62866CB9A00D0E805 /* APIManager */,
				18C3EDCC2866C88400D0E805 /* Utility */,
				18C3EDC72866C7D000D0E805 /* UI */,
				18C3ED9D2866C75C00D0E805 /* Main.storyboard */,
				18C3EDA02866C75F00D0E805 /* Assets.xcassets */,
				18C3EDA22866C75F00D0E805 /* LaunchScreen.storyboard */,
				18C3EDA52866C75F00D0E805 /* Info.plist */,
			);
			path = Veterinary;
			sourceTree = "<group>";
		};
		18C3EDAD2866C75F00D0E805 /* VeterinaryTests */ = {
			isa = PBXGroup;
			children = (
				18C3EDAE2866C75F00D0E805 /* VeterinaryTests.swift */,
				18C3EDB02866C75F00D0E805 /* Info.plist */,
			);
			path = VeterinaryTests;
			sourceTree = "<group>";
		};
		18C3EDB82866C75F00D0E805 /* VeterinaryUITests */ = {
			isa = PBXGroup;
			children = (
				18C3EDB92866C75F00D0E805 /* VeterinaryUITests.swift */,
				18C3EDBB2866C75F00D0E805 /* Info.plist */,
			);
			path = VeterinaryUITests;
			sourceTree = "<group>";
		};
		18C3EDC72866C7D000D0E805 /* UI */ = {
			isa = PBXGroup;
			children = (
				18C3EDE72866E55A00D0E805 /* PetDetails */,
				18C3EDC82866C7E500D0E805 /* Home */,
			);
			path = UI;
			sourceTree = "<group>";
		};
		18C3EDC82866C7E500D0E805 /* Home */ = {
			isa = PBXGroup;
			children = (
				18C3EDCB2866C80D00D0E805 /* View */,
				18C3EDCA2866C7F700D0E805 /* Model */,
				18C3EDC92866C7EC00D0E805 /* ViewModel */,
			);
			path = Home;
			sourceTree = "<group>";
		};
		18C3EDC92866C7EC00D0E805 /* ViewModel */ = {
			isa = PBXGroup;
			children = (
				18C3EDE02866D7D500D0E805 /* HomeViewModel.swift */,
			);
			path = ViewModel;
			sourceTree = "<group>";
		};
		18C3EDCA2866C7F700D0E805 /* Model */ = {
			isa = PBXGroup;
			children = (
				18C3EDD22866CA1300D0E805 /* PetResponseModel.swift */,
				18C3EDD42866CB5300D0E805 /* ConfigurationModel.swift */,
			);
			path = Model;
			sourceTree = "<group>";
		};
		18C3EDCB2866C80D00D0E805 /* View */ = {
			isa = PBXGroup;
			children = (
				18C3EDDD2866D57A00D0E805 /* Cells */,
				18C3ED9B2866C75C00D0E805 /* HomeViewController.swift */,
			);
			path = View;
			sourceTree = "<group>";
		};
		18C3EDCC2866C88400D0E805 /* Utility */ = {
			isa = PBXGroup;
			children = (
				18C3EDEF2866F2B400D0E805 /* Extensions */,
				18C3EDD72866CD7900D0E805 /* GenericViewModel.swift */,
				18C3EDE22866DB0300D0E805 /* Reachability.swift */,
				18C3EDEB2866E79C00D0E805 /* ShareApp.swift */,
				18C3EDED2866EBB200D0E805 /* Loader.swift */,
			);
			path = Utility;
			sourceTree = "<group>";
		};
		18C3EDD62866CB9A00D0E805 /* APIManager */ = {
			isa = PBXGroup;
			children = (
				18C3EDD92866CF5100D0E805 /* APIManager.swift */,
				18C3EDDB2866D20B00D0E805 /* APIConstant.swift */,
			);
			path = APIManager;
			sourceTree = "<group>";
		};
		18C3EDDD2866D57A00D0E805 /* Cells */ = {
			isa = PBXGroup;
			children = (
				18C3EDDE2866D59200D0E805 /* PetCell.swift */,
			);
			path = Cells;
			sourceTree = "<group>";
		};
		18C3EDE42866E2B700D0E805 /* Custom UI */ = {
			isa = PBXGroup;
			children = (
				18C3EDE52866E2CD00D0E805 /* CustomImageView.swift */,
			);
			path = "Custom UI";
			sourceTree = "<group>";
		};
		18C3EDE72866E55A00D0E805 /* PetDetails */ = {
			isa = PBXGroup;
			children = (
				18C3EDE82866E58E00D0E805 /* View */,
			);
			path = PetDetails;
			sourceTree = "<group>";
		};
		18C3EDE82866E58E00D0E805 /* View */ = {
			isa = PBXGroup;
			children = (
				18C3EDE92866E5B700D0E805 /* PetDetailsVC.swift */,
			);
			path = View;
			sourceTree = "<group>";
		};
		18C3EDEF2866F2B400D0E805 /* Extensions */ = {
			isa = PBXGroup;
			children = (
				18C3EDF02866F2CA00D0E805 /* Date.swift */,
				18C3EDF22867084100D0E805 /* UIViewController.swift */,
				18C3EDF4286709E100D0E805 /* UIView.swift */,
			);
			path = Extensions;
			sourceTree = "<group>";
		};
/* End PBXGroup section */

/* Begin PBXNativeTarget section */
		18C3ED932866C75C00D0E805 /* Veterinary */ = {
			isa = PBXNativeTarget;
			buildConfigurationList = 18C3EDBE2866C75F00D0E805 /* Build configuration list for PBXNativeTarget "Veterinary" */;
			buildPhases = (
				18C3ED902866C75C00D0E805 /* Sources */,
				18C3ED912866C75C00D0E805 /* Frameworks */,
				18C3ED922866C75C00D0E805 /* Resources */,
			);
			buildRules = (
			);
			dependencies = (
			);
			name = Veterinary;
			productName = Veterinary;
			productReference = 18C3ED942866C75C00D0E805 /* Veterinary.app */;
			productType = "com.apple.product-type.application";
		};
		18C3EDA92866C75F00D0E805 /* VeterinaryTests */ = {
			isa = PBXNativeTarget;
			buildConfigurationList = 18C3EDC12866C75F00D0E805 /* Build configuration list for PBXNativeTarget "VeterinaryTests" */;
			buildPhases = (
				18C3EDA62866C75F00D0E805 /* Sources */,
				18C3EDA72866C75F00D0E805 /* Frameworks */,
				18C3EDA82866C75F00D0E805 /* Resources */,
			);
			buildRules = (
			);
			dependencies = (
				18C3EDAC2866C75F00D0E805 /* PBXTargetDependency */,
			);
			name = VeterinaryTests;
			productName = VeterinaryTests;
			productReference = 18C3EDAA2866C75F00D0E805 /* VeterinaryTests.xctest */;
			productType = "com.apple.product-type.bundle.unit-test";
		};
		18C3EDB42866C75F00D0E805 /* VeterinaryUITests */ = {
			isa = PBXNativeTarget;
			buildConfigurationList = 18C3EDC42866C75F00D0E805 /* Build configuration list for PBXNativeTarget "VeterinaryUITests" */;
			buildPhases = (
				18C3EDB12866C75F00D0E805 /* Sources */,
				18C3EDB22866C75F00D0E805 /* Frameworks */,
				18C3EDB32866C75F00D0E805 /* Resources */,
			);
			buildRules = (
			);
			dependencies = (
				18C3EDB72866C75F00D0E805 /* PBXTargetDependency */,
			);
			name = VeterinaryUITests;
			productName = VeterinaryUITests;
			productReference = 18C3EDB52866C75F00D0E805 /* VeterinaryUITests.xctest */;
			productType = "com.apple.product-type.bundle.ui-testing";
		};
/* End PBXNativeTarget section */

/* Begin PBXProject section */
		18C3ED8C2866C75C00D0E805 /* Project object */ = {
			isa = PBXProject;
			attributes = {
				LastSwiftUpdateCheck = 1250;
				LastUpgradeCheck = 1250;
				TargetAttributes = {
					18C3ED932866C75C00D0E805 = {
						CreatedOnToolsVersion = 12.5.1;
					};
					18C3EDA92866C75F00D0E805 = {
						CreatedOnToolsVersion = 12.5.1;
						TestTargetID = 18C3ED932866C75C00D0E805;
					};
					18C3EDB42866C75F00D0E805 = {
						CreatedOnToolsVersion = 12.5.1;
						TestTargetID = 18C3ED932866C75C00D0E805;
					};
				};
			};
			buildConfigurationList = 18C3ED8F2866C75C00D0E805 /* Build configuration list for PBXProject "Veterinary" */;
			compatibilityVersion = "Xcode 9.3";
			developmentRegion = en;
			hasScannedForEncodings = 0;
			knownRegions = (
				en,
				Base,
			);
			mainGroup = 18C3ED8B2866C75C00D0E805;
			productRefGroup = 18C3ED952866C75C00D0E805 /* Products */;
			projectDirPath = "";
			projectRoot = "";
			targets = (
				18C3ED932866C75C00D0E805 /* Veterinary */,
				18C3EDA92866C75F00D0E805 /* VeterinaryTests */,
				18C3EDB42866C75F00D0E805 /* VeterinaryUITests */,
			);
		};
/* End PBXProject section */

/* Begin PBXResourcesBuildPhase section */
		18C3ED922866C75C00D0E805 /* Resources */ = {
			isa = PBXResourcesBuildPhase;
			buildActionMask = 2147483647;
			files = (
				18C3EDA42866C75F00D0E805 /* LaunchScreen.storyboard in Resources */,
				18C3EDA12866C75F00D0E805 /* Assets.xcassets in Resources */,
				18C3ED9F2866C75C00D0E805 /* Main.storyboard in Resources */,
			);
			runOnlyForDeploymentPostprocessing = 0;
		};
		18C3EDA82866C75F00D0E805 /* Resources */ = {
			isa = PBXResourcesBuildPhase;
			buildActionMask = 2147483647;
			files = (
			);
			runOnlyForDeploymentPostprocessing = 0;
		};
		18C3EDB32866C75F00D0E805 /* Resources */ = {
			isa = PBXResourcesBuildPhase;
			buildActionMask = 2147483647;
			files = (
			);
			runOnlyForDeploymentPostprocessing = 0;
		};
/* End PBXResourcesBuildPhase section */

/* Begin PBXSourcesBuildPhase section */
		18C3ED902866C75C00D0E805 /* Sources */ = {
			isa = PBXSourcesBuildPhase;
			buildActionMask = 2147483647;
			files = (
				18C3EDDC2866D20B00D0E805 /* APIConstant.swift in Sources */,
				18C3EDE62866E2CD00D0E805 /* CustomImageView.swift in Sources */,
				18C3EDEA2866E5B700D0E805 /* PetDetailsVC.swift in Sources */,
				18C3EDF12866F2CA00D0E805 /* Date.swift in Sources */,
				18C3EDD82866CD7900D0E805 /* GenericViewModel.swift in Sources */,
				18C3ED9C2866C75C00D0E805 /* HomeViewController.swift in Sources */,
				18C3EDE12866D7D500D0E805 /* HomeViewModel.swift in Sources */,
				18C3ED982866C75C00D0E805 /* AppDelegate.swift in Sources */,
				18C3EDF32867084100D0E805 /* UIViewController.swift in Sources */,
				18C3EDD32866CA1300D0E805 /* PetResponseModel.swift in Sources */,
				18C3ED9A2866C75C00D0E805 /* SceneDelegate.swift in Sources */,
				18C3EDEC2866E79C00D0E805 /* ShareApp.swift in Sources */,
				18C3EDE32866DB0300D0E805 /* Reachability.swift in Sources */,
				18C3EDD52866CB5300D0E805 /* ConfigurationModel.swift in Sources */,
				18C3EDDF2866D59200D0E805 /* PetCell.swift in Sources */,
				18C3EDDA2866CF5100D0E805 /* APIManager.swift in Sources */,
				18C3EDF5286709E100D0E805 /* UIView.swift in Sources */,
				18C3EDEE2866EBB200D0E805 /* Loader.swift in Sources */,
			);
			runOnlyForDeploymentPostprocessing = 0;
		};
		18C3EDA62866C75F00D0E805 /* Sources */ = {
			isa = PBXSourcesBuildPhase;
			buildActionMask = 2147483647;
			files = (
				18C3EDAF2866C75F00D0E805 /* VeterinaryTests.swift in Sources */,
			);
			runOnlyForDeploymentPostprocessing = 0;
		};
		18C3EDB12866C75F00D0E805 /* Sources */ = {
			isa = PBXSourcesBuildPhase;
			buildActionMask = 2147483647;
			files = (
				18C3EDBA2866C75F00D0E805 /* VeterinaryUITests.swift in Sources */,
			);
			runOnlyForDeploymentPostprocessing = 0;
		};
/* End PBXSourcesBuildPhase section */

/* Begin PBXTargetDependency section */
		18C3EDAC2866C75F00D0E805 /* PBXTargetDependency */ = {
			isa = PBXTargetDependency;
			target = 18C3ED932866C75C00D0E805 /* Veterinary */;
			targetProxy = 18C3EDAB2866C75F00D0E805 /* PBXContainerItemProxy */;
		};
		18C3EDB72866C75F00D0E805 /* PBXTargetDependency */ = {
			isa = PBXTargetDependency;
			target = 18C3ED932866C75C00D0E805 /* Veterinary */;
			targetProxy = 18C3EDB62866C75F00D0E805 /* PBXContainerItemProxy */;
		};
/* End PBXTargetDependency section */

/* Begin PBXVariantGroup section */
		18C3ED9D2866C75C00D0E805 /* Main.storyboard */ = {
			isa = PBXVariantGroup;
			children = (
				18C3ED9E2866C75C00D0E805 /* Base */,
			);
			name = Main.storyboard;
			sourceTree = "<group>";
		};
		18C3EDA22866C75F00D0E805 /* LaunchScreen.storyboard */ = {
			isa = PBXVariantGroup;
			children = (
				18C3EDA32866C75F00D0E805 /* Base */,
			);
			name = LaunchScreen.storyboard;
			sourceTree = "<group>";
		};
/* End PBXVariantGroup section */

/* Begin XCBuildConfiguration section */
		18C3EDBC2866C75F00D0E805 /* Debug */ = {
			isa = XCBuildConfiguration;
			buildSettings = {
				ALWAYS_SEARCH_USER_PATHS = NO;
				CLANG_ANALYZER_NONNULL = YES;
				CLANG_ANALYZER_NUMBER_OBJECT_CONVERSION = YES_AGGRESSIVE;
				CLANG_CXX_LANGUAGE_STANDARD = "gnu++14";
				CLANG_CXX_LIBRARY = "libc++";
				CLANG_ENABLE_MODULES = YES;
				CLANG_ENABLE_OBJC_ARC = YES;
				CLANG_ENABLE_OBJC_WEAK = YES;
				CLANG_WARN_BLOCK_CAPTURE_AUTORELEASING = YES;
				CLANG_WARN_BOOL_CONVERSION = YES;
				CLANG_WARN_COMMA = YES;
				CLANG_WARN_CONSTANT_CONVERSION = YES;
				CLANG_WARN_DEPRECATED_OBJC_IMPLEMENTATIONS = YES;
				CLANG_WARN_DIRECT_OBJC_ISA_USAGE = YES_ERROR;
				CLANG_WARN_DOCUMENTATION_COMMENTS = YES;
				CLANG_WARN_EMPTY_BODY = YES;
				CLANG_WARN_ENUM_CONVERSION = YES;
				CLANG_WARN_INFINITE_RECURSION = YES;
				CLANG_WARN_INT_CONVERSION = YES;
				CLANG_WARN_NON_LITERAL_NULL_CONVERSION = YES;
				CLANG_WARN_OBJC_IMPLICIT_RETAIN_SELF = YES;
				CLANG_WARN_OBJC_LITERAL_CONVERSION = YES;
				CLANG_WARN_OBJC_ROOT_CLASS = YES_ERROR;
				CLANG_WARN_QUOTED_INCLUDE_IN_FRAMEWORK_HEADER = YES;
				CLANG_WARN_RANGE_LOOP_ANALYSIS = YES;
				CLANG_WARN_STRICT_PROTOTYPES = YES;
				CLANG_WARN_SUSPICIOUS_MOVE = YES;
				CLANG_WARN_UNGUARDED_AVAILABILITY = YES_AGGRESSIVE;
				CLANG_WARN_UNREACHABLE_CODE = YES;
				CLANG_WARN__DUPLICATE_METHOD_MATCH = YES;
				COPY_PHASE_STRIP = NO;
				DEBUG_INFORMATION_FORMAT = dwarf;
				ENABLE_STRICT_OBJC_MSGSEND = YES;
				ENABLE_TESTABILITY = YES;
				GCC_C_LANGUAGE_STANDARD = gnu11;
				GCC_DYNAMIC_NO_PIC = NO;
				GCC_NO_COMMON_BLOCKS = YES;
				GCC_OPTIMIZATION_LEVEL = 0;
				GCC_PREPROCESSOR_DEFINITIONS = (
					"DEBUG=1",
					"$(inherited)",
				);
				GCC_WARN_64_TO_32_BIT_CONVERSION = YES;
				GCC_WARN_ABOUT_RETURN_TYPE = YES_ERROR;
				GCC_WARN_UNDECLARED_SELECTOR = YES;
				GCC_WARN_UNINITIALIZED_AUTOS = YES_AGGRESSIVE;
				GCC_WARN_UNUSED_FUNCTION = YES;
				GCC_WARN_UNUSED_VARIABLE = YES;
				IPHONEOS_DEPLOYMENT_TARGET = 14.5;
				MTL_ENABLE_DEBUG_INFO = INCLUDE_SOURCE;
				MTL_FAST_MATH = YES;
				ONLY_ACTIVE_ARCH = YES;
				SDKROOT = iphoneos;
				SWIFT_ACTIVE_COMPILATION_CONDITIONS = DEBUG;
				SWIFT_OPTIMIZATION_LEVEL = "-Onone";
			};
			name = Debug;
		};
		18C3EDBD2866C75F00D0E805 /* Release */ = {
			isa = XCBuildConfiguration;
			buildSettings = {
				ALWAYS_SEARCH_USER_PATHS = NO;
				CLANG_ANALYZER_NONNULL = YES;
				CLANG_ANALYZER_NUMBER_OBJECT_CONVERSION = YES_AGGRESSIVE;
				CLANG_CXX_LANGUAGE_STANDARD = "gnu++14";
				CLANG_CXX_LIBRARY = "libc++";
				CLANG_ENABLE_MODULES = YES;
				CLANG_ENABLE_OBJC_ARC = YES;
				CLANG_ENABLE_OBJC_WEAK = YES;
				CLANG_WARN_BLOCK_CAPTURE_AUTORELEASING = YES;
				CLANG_WARN_BOOL_CONVERSION = YES;
				CLANG_WARN_COMMA = YES;
				CLANG_WARN_CONSTANT_CONVERSION = YES;
				CLANG_WARN_DEPRECATED_OBJC_IMPLEMENTATIONS = YES;
				CLANG_WARN_DIRECT_OBJC_ISA_USAGE = YES_ERROR;
				CLANG_WARN_DOCUMENTATION_COMMENTS = YES;
				CLANG_WARN_EMPTY_BODY = YES;
				CLANG_WARN_ENUM_CONVERSION = YES;
				CLANG_WARN_INFINITE_RECURSION = YES;
				CLANG_WARN_INT_CONVERSION = YES;
				CLANG_WARN_NON_LITERAL_NULL_CONVERSION = YES;
				CLANG_WARN_OBJC_IMPLICIT_RETAIN_SELF = YES;
				CLANG_WARN_OBJC_LITERAL_CONVERSION = YES;
				CLANG_WARN_OBJC_ROOT_CLASS = YES_ERROR;
				CLANG_WARN_QUOTED_INCLUDE_IN_FRAMEWORK_HEADER = YES;
				CLANG_WARN_RANGE_LOOP_ANALYSIS = YES;
				CLANG_WARN_STRICT_PROTOTYPES = YES;
				CLANG_WARN_SUSPICIOUS_MOVE = YES;
				CLANG_WARN_UNGUARDED_AVAILABILITY = YES_AGGRESSIVE;
				CLANG_WARN_UNREACHABLE_CODE = YES;
				CLANG_WARN__DUPLICATE_METHOD_MATCH = YES;
				COPY_PHASE_STRIP = NO;
				DEBUG_INFORMATION_FORMAT = "dwarf-with-dsym";
				ENABLE_NS_ASSERTIONS = NO;
				ENABLE_STRICT_OBJC_MSGSEND = YES;
				GCC_C_LANGUAGE_STANDARD = gnu11;
				GCC_NO_COMMON_BLOCKS = YES;
				GCC_WARN_64_TO_32_BIT_CONVERSION = YES;
				GCC_WARN_ABOUT_RETURN_TYPE = YES_ERROR;
				GCC_WARN_UNDECLARED_SELECTOR = YES;
				GCC_WARN_UNINITIALIZED_AUTOS = YES_AGGRESSIVE;
				GCC_WARN_UNUSED_FUNCTION = YES;
				GCC_WARN_UNUSED_VARIABLE = YES;
				IPHONEOS_DEPLOYMENT_TARGET = 14.5;
				MTL_ENABLE_DEBUG_INFO = NO;
				MTL_FAST_MATH = YES;
				SDKROOT = iphoneos;
				SWIFT_COMPILATION_MODE = wholemodule;
				SWIFT_OPTIMIZATION_LEVEL = "-O";
				VALIDATE_PRODUCT = YES;
			};
			name = Release;
		};
		18C3EDBF2866C75F00D0E805 /* Debug */ = {
			isa = XCBuildConfiguration;
			buildSettings = {
				ASSETCATALOG_COMPILER_APPICON_NAME = AppIcon;
				ASSETCATALOG_COMPILER_GLOBAL_ACCENT_COLOR_NAME = AccentColor;
				CODE_SIGN_STYLE = Automatic;
				INFOPLIST_FILE = Veterinary/Info.plist;
				LD_RUNPATH_SEARCH_PATHS = (
					"$(inherited)",
					"@executable_path/Frameworks",
				);
				PRODUCT_BUNDLE_IDENTIFIER = com.veterinary.app.Veterinary;
				PRODUCT_NAME = "$(TARGET_NAME)";
				SWIFT_VERSION = 5.0;
				TARGETED_DEVICE_FAMILY = 1;
			};
			name = Debug;
		};
		18C3EDC02866C75F00D0E805 /* Release */ = {
			isa = XCBuildConfiguration;
			buildSettings = {
				ASSETCATALOG_COMPILER_APPICON_NAME = AppIcon;
				ASSETCATALOG_COMPILER_GLOBAL_ACCENT_COLOR_NAME = AccentColor;
				CODE_SIGN_STYLE = Automatic;
				INFOPLIST_FILE = Veterinary/Info.plist;
				LD_RUNPATH_SEARCH_PATHS = (
					"$(inherited)",
					"@executable_path/Frameworks",
				);
				PRODUCT_BUNDLE_IDENTIFIER = com.veterinary.app.Veterinary;
				PRODUCT_NAME = "$(TARGET_NAME)";
				SWIFT_VERSION = 5.0;
				TARGETED_DEVICE_FAMILY = 1;
			};
			name = Release;
		};
		18C3EDC22866C75F00D0E805 /* Debug */ = {
			isa = XCBuildConfiguration;
			buildSettings = {
				ALWAYS_EMBED_SWIFT_STANDARD_LIBRARIES = YES;
				BUNDLE_LOADER = "$(TEST_HOST)";
				CODE_SIGN_STYLE = Automatic;
				INFOPLIST_FILE = VeterinaryTests/Info.plist;
				IPHONEOS_DEPLOYMENT_TARGET = 14.5;
				LD_RUNPATH_SEARCH_PATHS = (
					"$(inherited)",
					"@executable_path/Frameworks",
					"@loader_path/Frameworks",
				);
				PRODUCT_BUNDLE_IDENTIFIER = com.veterinary.app.VeterinaryTests;
				PRODUCT_NAME = "$(TARGET_NAME)";
				SWIFT_VERSION = 5.0;
				TARGETED_DEVICE_FAMILY = "1,2";
				TEST_HOST = "$(BUILT_PRODUCTS_DIR)/Veterinary.app/Veterinary";
			};
			name = Debug;
		};
		18C3EDC32866C75F00D0E805 /* Release */ = {
			isa = XCBuildConfiguration;
			buildSettings = {
				ALWAYS_EMBED_SWIFT_STANDARD_LIBRARIES = YES;
				BUNDLE_LOADER = "$(TEST_HOST)";
				CODE_SIGN_STYLE = Automatic;
				INFOPLIST_FILE = VeterinaryTests/Info.plist;
				IPHONEOS_DEPLOYMENT_TARGET = 14.5;
				LD_RUNPATH_SEARCH_PATHS = (
					"$(inherited)",
					"@executable_path/Frameworks",
					"@loader_path/Frameworks",
				);
				PRODUCT_BUNDLE_IDENTIFIER = com.veterinary.app.VeterinaryTests;
				PRODUCT_NAME = "$(TARGET_NAME)";
				SWIFT_VERSION = 5.0;
				TARGETED_DEVICE_FAMILY = "1,2";
				TEST_HOST = "$(BUILT_PRODUCTS_DIR)/Veterinary.app/Veterinary";
			};
			name = Release;
		};
		18C3EDC52866C75F00D0E805 /* Debug */ = {
			isa = XCBuildConfiguration;
			buildSettings = {
				ALWAYS_EMBED_SWIFT_STANDARD_LIBRARIES = YES;
				CODE_SIGN_STYLE = Automatic;
				INFOPLIST_FILE = VeterinaryUITests/Info.plist;
				LD_RUNPATH_SEARCH_PATHS = (
					"$(inherited)",
					"@executable_path/Frameworks",
					"@loader_path/Frameworks",
				);
				PRODUCT_BUNDLE_IDENTIFIER = com.veterinary.app.VeterinaryUITests;
				PRODUCT_NAME = "$(TARGET_NAME)";
				SWIFT_VERSION = 5.0;
				TARGETED_DEVICE_FAMILY = "1,2";
				TEST_TARGET_NAME = Veterinary;
			};
			name = Debug;
		};
		18C3EDC62866C75F00D0E805 /* Release */ = {
			isa = XCBuildConfiguration;
			buildSettings = {
				ALWAYS_EMBED_SWIFT_STANDARD_LIBRARIES = YES;
				CODE_SIGN_STYLE = Automatic;
				INFOPLIST_FILE = VeterinaryUITests/Info.plist;
				LD_RUNPATH_SEARCH_PATHS = (
					"$(inherited)",
					"@executable_path/Frameworks",
					"@loader_path/Frameworks",
				);
				PRODUCT_BUNDLE_IDENTIFIER = com.veterinary.app.VeterinaryUITests;
				PRODUCT_NAME = "$(TARGET_NAME)";
				SWIFT_VERSION = 5.0;
				TARGETED_DEVICE_FAMILY = "1,2";
				TEST_TARGET_NAME = Veterinary;
			};
			name = Release;
		};
/* End XCBuildConfiguration section */

/* Begin XCConfigurationList section */
		18C3ED8F2866C75C00D0E805 /* Build configuration list for PBXProject "Veterinary" */ = {
			isa = XCConfigurationList;
			buildConfigurations = (
				18C3EDBC2866C75F00D0E805 /* Debug */,
				18C3EDBD2866C75F00D0E805 /* Release */,
			);
			defaultConfigurationIsVisible = 0;
			defaultConfigurationName = Release;
		};
		18C3EDBE2866C75F00D0E805 /* Build configuration list for PBXNativeTarget "Veterinary" */ = {
			isa = XCConfigurationList;
			buildConfigurations = (
				18C3EDBF2866C75F00D0E805 /* Debug */,
				18C3EDC02866C75F00D0E805 /* Release */,
			);
			defaultConfigurationIsVisible = 0;
			defaultConfigurationName = Release;
		};
		18C3EDC12866C75F00D0E805 /* Build configuration list for PBXNativeTarget "VeterinaryTests" */ = {
			isa = XCConfigurationList;
			buildConfigurations = (
				18C3EDC22866C75F00D0E805 /* Debug */,
				18C3EDC32866C75F00D0E805 /* Release */,
			);
			defaultConfigurationIsVisible = 0;
			defaultConfigurationName = Release;
		};
		18C3EDC42866C75F00D0E805 /* Build configuration list for PBXNativeTarget "VeterinaryUITests" */ = {
			isa = XCConfigurationList;
			buildConfigurations = (
				18C3EDC52866C75F00D0E805 /* Debug */,
				18C3EDC62866C75F00D0E805 /* Release */,
			);
			defaultConfigurationIsVisible = 0;
			defaultConfigurationName = Release;
		};
/* End XCConfigurationList section */
	};
	rootObject = 18C3ED8C2866C75C00D0E805 /* Project object */;
}
